
Microsoft Visual Studio Solution File, Format Version 12.00
# Visual Studio Version 17
VisualStudioVersion = 17.13.35919.96 d17.13
MinimumVisualStudioVersion = 10.0.40219.1
Project("{FAE04EC0-301F-11D3-BF4B-00C04F79EFBC}") = "SmartMap.Core", "SmartMap.Core\SmartMap.Core.csproj", "{52D6DEFC-F716-4F21-B98C-1380CC58B12F}"
EndProject
Global
	GlobalSection(SolutionConfigurationPlatforms) = preSolution
		Debug|Any CPU = Debug|Any CPU
		Release|Any CPU = Release|Any CPU
	EndGlobalSection
	GlobalSection(ProjectConfigurationPlatforms) = postSolution
		{52D6DEFC-F716-4F21-B98C-1380CC58B12F}.Debug|Any CPU.ActiveCfg = Debug|Any CPU
		{52D6DEFC-F716-4F21-B98C-1380CC58B12F}.Debug|Any CPU.Build.0 = Debug|Any CPU
		{52D6DEFC-F716-4F21-B98C-1380CC58B12F}.Release|Any CPU.ActiveCfg = Release|Any CPU
		{52D6DEFC-F716-4F21-B98C-1380CC58B12F}.Release|Any CPU.Build.0 = Release|Any CPU
	EndGlobalSection
	GlobalSection(SolutionProperties) = preSolution
		HideSolutionNode = FALSE
	EndGlobalSection
	GlobalSection(ExtensibilityGlobals) = postSolution
		SolutionGuid = {3E8FACFD-5437-465F-A306-5B3818B0BE59}
	EndGlobalSection
EndGlobal
